
Microsoft Visual Studio Solution File, Format Version 12.00
# Visual Studio 15
VisualStudioVersion = 15.0.27004.2006
MinimumVisualStudioVersion = 10.0.40219.1
Project("{FAE04EC0-301F-11D3-BF4B-00C04F79EFBC}") = "1002Targil", "1002Targil\1002Targil.csproj", "{0469592C-C260-4F8A-844F-532299AF8B53}"
EndProject
Project("{FAE04EC0-301F-11D3-BF4B-00C04F79EFBC}") = "OutsideShapes", "OutsideShapes\OutsideShapes.csproj", "{3062CF60-E1EF-41EA-A9A4-E50764B1D704}"
EndProject
Global
	GlobalSection(SolutionConfigurationPlatforms) = preSolution
		Debug|Any CPU = Debug|Any CPU
		Release|Any CPU = Release|Any CPU
	EndGlobalSection
	GlobalSection(ProjectConfigurationPlatforms) = postSolution
		{0469592C-C260-4F8A-844F-532299AF8B53}.Debug|Any CPU.ActiveCfg = Debug|Any CPU
		{0469592C-C260-4F8A-844F-532299AF8B53}.Debug|Any CPU.Build.0 = Debug|Any CPU
		{0469592C-C260-4F8A-844F-532299AF8B53}.Release|Any CPU.ActiveCfg = Release|Any CPU
		{0469592C-C260-4F8A-844F-532299AF8B53}.Release|Any CPU.Build.0 = Release|Any CPU
		{3062CF60-E1EF-41EA-A9A4-E50764B1D704}.Debug|Any CPU.ActiveCfg = Debug|Any CPU
		{3062CF60-E1EF-41EA-A9A4-E50764B1D704}.Debug|Any CPU.Build.0 = Debug|Any CPU
		{3062CF60-E1EF-41EA-A9A4-E50764B1D704}.Release|Any CPU.ActiveCfg = Release|Any CPU
		{3062CF60-E1EF-41EA-A9A4-E50764B1D704}.Release|Any CPU.Build.0 = Release|Any CPU
	EndGlobalSection
	GlobalSection(SolutionProperties) = preSolution
		HideSolutionNode = FALSE
	EndGlobalSection
	GlobalSection(ExtensibilityGlobals) = postSolution
		SolutionGuid = {8FA37F25-2C17-4DBD-BE9F-A7FA4FDC079C}
	EndGlobalSection
EndGlobal
